
Microsoft Visual Studio Solution File, Format Version 12.00
# Visual Studio Version 16
VisualStudioVersion = 16.0.29509.3
MinimumVisualStudioVersion = 10.0.40219.1
Project("{FAE04EC0-301F-11D3-BF4B-00C04F79EFBC}") = "ThreadSyncUsingJoin_L1.25", "ThreadSyncUsingJoin_L1.25\ThreadSyncUsingJoin_L1.25.csproj", "{17B6A173-3C08-42EB-91D3-69F94C948162}"
EndProject
Global
	GlobalSection(SolutionConfigurationPlatforms) = preSolution
		Debug|Any CPU = Debug|Any CPU
		Release|Any CPU = Release|Any CPU
	EndGlobalSection
	GlobalSection(ProjectConfigurationPlatforms) = postSolution
		{17B6A173-3C08-42EB-91D3-69F94C948162}.Debug|Any CPU.ActiveCfg = Debug|Any CPU
		{17B6A173-3C08-42EB-91D3-69F94C948162}.Debug|Any CPU.Build.0 = Debug|Any CPU
		{17B6A173-3C08-42EB-91D3-69F94C948162}.Release|Any CPU.ActiveCfg = Release|Any CPU
		{17B6A173-3C08-42EB-91D3-69F94C948162}.Release|Any CPU.Build.0 = Release|Any CPU
	EndGlobalSection
	GlobalSection(SolutionProperties) = preSolution
		HideSolutionNode = FALSE
	EndGlobalSection
	GlobalSection(ExtensibilityGlobals) = postSolution
		SolutionGuid = {0F508B55-A5E8-4AE5-9416-A561F4BDABE9}
	EndGlobalSection
EndGlobal
