
Microsoft Visual Studio Solution File, Format Version 12.00
# Visual Studio Version 16
VisualStudioVersion = 16.0.29509.3
MinimumVisualStudioVersion = 10.0.40219.1
Project("{FAE04EC0-301F-11D3-BF4B-00C04F79EFBC}") = "ThreadsAndLambdaExpressions_L1.20", "ThreadsAndLambdaExpressions_L1.20\ThreadsAndLambdaExpressions_L1.20.csproj", "{11226C32-5EFB-43D4-B465-6A7E8E1981B3}"
EndProject
Global
	GlobalSection(SolutionConfigurationPlatforms) = preSolution
		Debug|Any CPU = Debug|Any CPU
		Release|Any CPU = Release|Any CPU
	EndGlobalSection
	GlobalSection(ProjectConfigurationPlatforms) = postSolution
		{11226C32-5EFB-43D4-B465-6A7E8E1981B3}.Debug|Any CPU.ActiveCfg = Debug|Any CPU
		{11226C32-5EFB-43D4-B465-6A7E8E1981B3}.Debug|Any CPU.Build.0 = Debug|Any CPU
		{11226C32-5EFB-43D4-B465-6A7E8E1981B3}.Release|Any CPU.ActiveCfg = Release|Any CPU
		{11226C32-5EFB-43D4-B465-6A7E8E1981B3}.Release|Any CPU.Build.0 = Release|Any CPU
	EndGlobalSection
	GlobalSection(SolutionProperties) = preSolution
		HideSolutionNode = FALSE
	EndGlobalSection
	GlobalSection(ExtensibilityGlobals) = postSolution
		SolutionGuid = {1A0E34AB-E004-4791-8E04-64441D8D0AE1}
	EndGlobalSection
EndGlobal
